# This file is automatically @generated by Cargo.
# It is not intended for manual editing.
version = 4

[[package]]
name = "duppel-bridge"
version = "0.1.0"
dependencies = [
 "duppel-persona",
]

[[package]]
name = "duppel-chaff"
version = "0.0.0"
dependencies = [
 "duppel-persona",
]

[[package]]
name = "duppel-coherence"
version = "0.0.0"
dependencies = [
 "duppel-persona",
]

[[package]]
name = "duppel-persona"
version = "0.0.0"
